
Microsoft Visual Studio Solution File, Format Version 12.00
# Visual Studio Version 17
VisualStudioVersion = 17.0.31903.59
MinimumVisualStudioVersion = 10.0.40219.1
Project("{FAE04EC0-301F-11D3-BF4B-00C04F79EFBC}") = "Presentation", "Presentation\Presentation.csproj", "{DCA61609-CC97-4A22-B5CB-D3D63FC53FBA}"
EndProject
Project("{FAE04EC0-301F-11D3-BF4B-00C04F79EFBC}") = "Application", "Application\Application.csproj", "{27EDDCA1-41C9-442E-BDFF-D4D77C39EE47}"
EndProject
Global
	GlobalSection(SolutionConfigurationPlatforms) = preSolution
		Debug|Any CPU = Debug|Any CPU
		Release|Any CPU = Release|Any CPU
	EndGlobalSection
	GlobalSection(SolutionProperties) = preSolution
		HideSolutionNode = FALSE
	EndGlobalSection
	GlobalSection(ProjectConfigurationPlatforms) = postSolution
		{DCA61609-CC97-4A22-B5CB-D3D63FC53FBA}.Debug|Any CPU.ActiveCfg = Debug|Any CPU
		{DCA61609-CC97-4A22-B5CB-D3D63FC53FBA}.Debug|Any CPU.Build.0 = Debug|Any CPU
		{DCA61609-CC97-4A22-B5CB-D3D63FC53FBA}.Release|Any CPU.ActiveCfg = Release|Any CPU
		{DCA61609-CC97-4A22-B5CB-D3D63FC53FBA}.Release|Any CPU.Build.0 = Release|Any CPU
		{27EDDCA1-41C9-442E-BDFF-D4D77C39EE47}.Debug|Any CPU.ActiveCfg = Debug|Any CPU
		{27EDDCA1-41C9-442E-BDFF-D4D77C39EE47}.Debug|Any CPU.Build.0 = Debug|Any CPU
		{27EDDCA1-41C9-442E-BDFF-D4D77C39EE47}.Release|Any CPU.ActiveCfg = Release|Any CPU
		{27EDDCA1-41C9-442E-BDFF-D4D77C39EE47}.Release|Any CPU.Build.0 = Release|Any CPU
	EndGlobalSection
EndGlobal
